// !$*UTF8*$!
{
	archiveVersion = 1;
	classes = {
	};
	objectVersion = 48;
	objects = {

/* Begin PBXBuildFile section */
		81A61F2A1FB8FB4E00D73065 /* AppDelegate.swift in Sources */ = {isa = PBXBuildFile; fileRef = 81A61F291FB8FB4E00D73065 /* AppDelegate.swift */; };
		81A61F2C1FB8FB4E00D73065 /* ViewController.swift in Sources */ = {isa = PBXBuildFile; fileRef = 81A61F2B1FB8FB4E00D73065 /* ViewController.swift */; };
		81A61F2F1FB8FB4E00D73065 /* Main.storyboard in Resources */ = {isa = PBXBuildFile; fileRef = 81A61F2D1FB8FB4E00D73065 /* Main.storyboard */; };
		81A61F311FB8FB4E00D73065 /* Assets.xcassets in Resources */ = {isa = PBXBuildFile; fileRef = 81A61F301FB8FB4E00D73065 /* Assets.xcassets */; };
		81A61F341FB8FB4E00D73065 /* LaunchScreen.storyboard in Resources */ = {isa = PBXBuildFile; fileRef = 81A61F321FB8FB4E00D73065 /* LaunchScreen.storyboard */; };
		81A61F3F1FB8FB4E00D73065 /* BillManagerTests.swift in Sources */ = {isa = PBXBuildFile; fileRef = 81A61F3E1FB8FB4E00D73065 /* BillManagerTests.swift */; };
		81A61F4A1FB8FB4E00D73065 /* BillManagerUITests.swift in Sources */ = {isa = PBXBuildFile; fileRef = 81A61F491FB8FB4E00D73065 /* BillManagerUITests.swift */; };
/* End PBXBuildFile section */

/* Begin PBXContainerItemProxy section */
		81A61F3B1FB8FB4E00D73065 /* PBXContainerItemProxy */ = {
			isa = PBXContainerItemProxy;
			containerPortal = 81A61F1E1FB8FB4E00D73065 /* Project object */;
			proxyType = 1;
			remoteGlobalIDString = 81A61F251FB8FB4E00D73065;
			remoteInfo = BillManager;
		};
		81A61F461FB8FB4E00D73065 /* PBXContainerItemProxy */ = {
			isa = PBXContainerItemProxy;
			containerPortal = 81A61F1E1FB8FB4E00D73065 /* Project object */;
			proxyType = 1;
			remoteGlobalIDString = 81A61F251FB8FB4E00D73065;
			remoteInfo = BillManager;
		};
/* End PBXContainerItemProxy section */

/* Begin PBXFileReference section */
		81A61F261FB8FB4E00D73065 /* BillManager.app */ = {isa = PBXFileReference; explicitFileType = wrapper.application; includeInIndex = 0; path = BillManager.app; sourceTree = BUILT_PRODUCTS_DIR; };
		81A61F291FB8FB4E00D73065 /* AppDelegate.swift */ = {isa = PBXFileReference; lastKnownFileType = sourcecode.swift; path = AppDelegate.swift; sourceTree = "<group>"; };
		81A61F2B1FB8FB4E00D73065 /* ViewController.swift */ = {isa = PBXFileReference; lastKnownFileType = sourcecode.swift; path = ViewController.swift; sourceTree = "<group>"; };
		81A61F2E1FB8FB4E00D73065 /* Base */ = {isa = PBXFileReference; lastKnownFileType = file.storyboard; name = Base; path = Base.lproj/Main.storyboard; sourceTree = "<group>"; };
		81A61F301FB8FB4E00D73065 /* Assets.xcassets */ = {isa = PBXFileReference; lastKnownFileType = folder.assetcatalog; path = Assets.xcassets; sourceTree = "<group>"; };
		81A61F331FB8FB4E00D73065 /* Base */ = {isa = PBXFileReference; lastKnownFileType = file.storyboard; name = Base; path = Base.lproj/LaunchScreen.storyboard; sourceTree = "<group>"; };
		81A61F351FB8FB4E00D73065 /* Info.plist */ = {isa = PBXFileReference; lastKnownFileType = text.plist.xml; path = Info.plist; sourceTree = "<group>"; };
		81A61F3A1FB8FB4E00D73065 /* BillManagerTests.xctest */ = {isa = PBXFileReference; explicitFileType = wrapper.cfbundle; includeInIndex = 0; path = BillManagerTests.xctest; sourceTree = BUILT_PRODUCTS_DIR; };
		81A61F3E1FB8FB4E00D73065 /* BillManagerTests.swift */ = {isa = PBXFileReference; lastKnownFileType = sourcecode.swift; path = BillManagerTests.swift; sourceTree = "<group>"; };
		81A61F401FB8FB4E00D73065 /* Info.plist */ = {isa = PBXFileReference; lastKnownFileType = text.plist.xml; path = Info.plist; sourceTree = "<group>"; };
		81A61F451FB8FB4E00D73065 /* BillManagerUITests.xctest */ = {isa = PBXFileReference; explicitFileType = wrapper.cfbundle; includeInIndex = 0; path = BillManagerUITests.xctest; sourceTree = BUILT_PRODUCTS_DIR; };
		81A61F491FB8FB4E00D73065 /* BillManagerUITests.swift */ = {isa = PBXFileReference; lastKnownFileType = sourcecode.swift; path = BillManagerUITests.swift; sourceTree = "<group>"; };
		81A61F4B1FB8FB4E00D73065 /* Info.plist */ = {isa = PBXFileReference; lastKnownFileType = text.plist.xml; path = Info.plist; sourceTree = "<group>"; };
/* End PBXFileReference section */

/* Begin PBXFrameworksBuildPhase section */
		81A61F231FB8FB4E00D73065 /* Frameworks */ = {
			isa = PBXFrameworksBuildPhase;
			buildActionMask = 2147483647;
			files = (
			);
			runOnlyForDeploymentPostprocessing = 0;
		};
		81A61F371FB8FB4E00D73065 /* Frameworks */ = {
			isa = PBXFrameworksBuildPhase;
			buildActionMask = 2147483647;
			files = (
			);
			runOnlyForDeploymentPostprocessing = 0;
		};
		81A61F421FB8FB4E00D73065 /* Frameworks */ = {
			isa = PBXFrameworksBuildPhase;
			buildActionMask = 2147483647;
			files = (
			);
			runOnlyForDeploymentPostprocessing = 0;
		};
/* End PBXFrameworksBuildPhase section */

/* Begin PBXGroup section */
		81A61F1D1FB8FB4E00D73065 = {
			isa = PBXGroup;
			children = (
				81A61F281FB8FB4E00D73065 /* BillManager */,
				81A61F3D1FB8FB4E00D73065 /* BillManagerTests */,
				81A61F481FB8FB4E00D73065 /* BillManagerUITests */,
				81A61F271FB8FB4E00D73065 /* Products */,
			);
			sourceTree = "<group>";
		};
		81A61F271FB8FB4E00D73065 /* Products */ = {
			isa = PBXGroup;
			children = (
				81A61F261FB8FB4E00D73065 /* BillManager.app */,
				81A61F3A1FB8FB4E00D73065 /* BillManagerTests.xctest */,
				81A61F451FB8FB4E00D73065 /* BillManagerUITests.xctest */,
			);
			name = Products;
			sourceTree = "<group>";
		};
		81A61F281FB8FB4E00D73065 /* BillManager */ = {
			isa = PBXGroup;
			children = (
				81A61F291FB8FB4E00D73065 /* AppDelegate.swift */,
				81A61F2B1FB8FB4E00D73065 /* ViewController.swift */,
				81A61F2D1FB8FB4E00D73065 /* Main.storyboard */,
				81A61F301FB8FB4E00D73065 /* Assets.xcassets */,
				81A61F321FB8FB4E00D73065 /* LaunchScreen.storyboard */,
				81A61F351FB8FB4E00D73065 /* Info.plist */,
			);
			path = BillManager;
			sourceTree = "<group>";
		};
		81A61F3D1FB8FB4E00D73065 /* BillManagerTests */ = {
			isa = PBXGroup;
			children = (
				81A61F3E1FB8FB4E00D73065 /* BillManagerTests.swift */,
				81A61F401FB8FB4E00D73065 /* Info.plist */,
			);
			path = BillManagerTests;
			sourceTree = "<group>";
		};
		81A61F481FB8FB4E00D73065 /* BillManagerUITests */ = {
			isa = PBXGroup;
			children = (
				81A61F491FB8FB4E00D73065 /* BillManagerUITests.swift */,
				81A61F4B1FB8FB4E00D73065 /* Info.plist */,
			);
			path = BillManagerUITests;
			sourceTree = "<group>";
		};
/* End PBXGroup section */

/* Begin PBXNativeTarget section */
		81A61F251FB8FB4E00D73065 /* BillManager */ = {
			isa = PBXNativeTarget;
			buildConfigurationList = 81A61F4E1FB8FB4E00D73065 /* Build configuration list for PBXNativeTarget "BillManager" */;
			buildPhases = (
				81A61F221FB8FB4E00D73065 /* Sources */,
				81A61F231FB8FB4E00D73065 /* Frameworks */,
				81A61F241FB8FB4E00D73065 /* Resources */,
			);
			buildRules = (
			);
			dependencies = (
			);
			name = BillManager;
			productName = BillManager;
			productReference = 81A61F261FB8FB4E00D73065 /* BillManager.app */;
			productType = "com.apple.product-type.application";
		};
		81A61F391FB8FB4E00D73065 /* BillManagerTests */ = {
			isa = PBXNativeTarget;
			buildConfigurationList = 81A61F511FB8FB4E00D73065 /* Build configuration list for PBXNativeTarget "BillManagerTests" */;
			buildPhases = (
				81A61F361FB8FB4E00D73065 /* Sources */,
				81A61F371FB8FB4E00D73065 /* Frameworks */,
				81A61F381FB8FB4E00D73065 /* Resources */,
			);
			buildRules = (
			);
			dependencies = (
				81A61F3C1FB8FB4E00D73065 /* PBXTargetDependency */,
			);
			name = BillManagerTests;
			productName = BillManagerTests;
			productReference = 81A61F3A1FB8FB4E00D73065 /* BillManagerTests.xctest */;
			productType = "com.apple.product-type.bundle.unit-test";
		};
		81A61F441FB8FB4E00D73065 /* BillManagerUITests */ = {
			isa = PBXNativeTarget;
			buildConfigurationList = 81A61F541FB8FB4E00D73065 /* Build configuration list for PBXNativeTarget "BillManagerUITests" */;
			buildPhases = (
				81A61F411FB8FB4E00D73065 /* Sources */,
				81A61F421FB8FB4E00D73065 /* Frameworks */,
				81A61F431FB8FB4E00D73065 /* Resources */,
			);
			buildRules = (
			);
			dependencies = (
				81A61F471FB8FB4E00D73065 /* PBXTargetDependency */,
			);
			name = BillManagerUITests;
			productName = BillManagerUITests;
			productReference = 81A61F451FB8FB4E00D73065 /* BillManagerUITests.xctest */;
			productType = "com.apple.product-type.bundle.ui-testing";
		};
/* End PBXNativeTarget section */

/* Begin PBXProject section */
		81A61F1E1FB8FB4E00D73065 /* Project object */ = {
			isa = PBXProject;
			attributes = {
				LastSwiftUpdateCheck = 0910;
				LastUpgradeCheck = 0910;
				ORGANIZATIONNAME = "Andrew and Tony";
				TargetAttributes = {
					81A61F251FB8FB4E00D73065 = {
						CreatedOnToolsVersion = 9.1;
						ProvisioningStyle = Automatic;
					};
					81A61F391FB8FB4E00D73065 = {
						CreatedOnToolsVersion = 9.1;
						ProvisioningStyle = Automatic;
						TestTargetID = 81A61F251FB8FB4E00D73065;
					};
					81A61F441FB8FB4E00D73065 = {
						CreatedOnToolsVersion = 9.1;
						ProvisioningStyle = Automatic;
						TestTargetID = 81A61F251FB8FB4E00D73065;
					};
				};
			};
			buildConfigurationList = 81A61F211FB8FB4E00D73065 /* Build configuration list for PBXProject "BillManager" */;
			compatibilityVersion = "Xcode 8.0";
			developmentRegion = en;
			hasScannedForEncodings = 0;
			knownRegions = (
				en,
				Base,
			);
			mainGroup = 81A61F1D1FB8FB4E00D73065;
			productRefGroup = 81A61F271FB8FB4E00D73065 /* Products */;
			projectDirPath = "";
			projectRoot = "";
			targets = (
				81A61F251FB8FB4E00D73065 /* BillManager */,
				81A61F391FB8FB4E00D73065 /* BillManagerTests */,
				81A61F441FB8FB4E00D73065 /* BillManagerUITests */,
			);
		};
/* End PBXProject section */

/* Begin PBXResourcesBuildPhase section */
		81A61F241FB8FB4E00D73065 /* Resources */ = {
			isa = PBXResourcesBuildPhase;
			buildActionMask = 2147483647;
			files = (
				81A61F341FB8FB4E00D73065 /* LaunchScreen.storyboard in Resources */,
				81A61F311FB8FB4E00D73065 /* Assets.xcassets in Resources */,
				81A61F2F1FB8FB4E00D73065 /* Main.storyboard in Resources */,
			);
			runOnlyForDeploymentPostprocessing = 0;
		};
		81A61F381FB8FB4E00D73065 /* Resources */ = {
			isa = PBXResourcesBuildPhase;
			buildActionMask = 2147483647;
			files = (
			);
			runOnlyForDeploymentPostprocessing = 0;
		};
		81A61F431FB8FB4E00D73065 /* Resources */ = {
			isa = PBXResourcesBuildPhase;
			buildActionMask = 2147483647;
			files = (
			);
			runOnlyForDeploymentPostprocessing = 0;
		};
/* End PBXResourcesBuildPhase section */

/* Begin PBXSourcesBuildPhase section */
		81A61F221FB8FB4E00D73065 /* Sources */ = {
			isa = PBXSourcesBuildPhase;
			buildActionMask = 2147483647;
			files = (
				81A61F2C1FB8FB4E00D73065 /* ViewController.swift in Sources */,
				81A61F2A1FB8FB4E00D73065 /* AppDelegate.swift in Sources */,
			);
			runOnlyForDeploymentPostprocessing = 0;
		};
		81A61F361FB8FB4E00D73065 /* Sources */ = {
			isa = PBXSourcesBuildPhase;
			buildActionMask = 2147483647;
			files = (
				81A61F3F1FB8FB4E00D73065 /* BillManagerTests.swift in Sources */,
			);
			runOnlyForDeploymentPostprocessing = 0;
		};
		81A61F411FB8FB4E00D73065 /* Sources */ = {
			isa = PBXSourcesBuildPhase;
			buildActionMask = 2147483647;
			files = (
				81A61F4A1FB8FB4E00D73065 /* BillManagerUITests.swift in Sources */,
			);
			runOnlyForDeploymentPostprocessing = 0;
		};
/* End PBXSourcesBuildPhase section */

/* Begin PBXTargetDependency section */
		81A61F3C1FB8FB4E00D73065 /* PBXTargetDependency */ = {
			isa = PBXTargetDependency;
			target = 81A61F251FB8FB4E00D73065 /* BillManager */;
			targetProxy = 81A61F3B1FB8FB4E00D73065 /* PBXContainerItemProxy */;
		};
		81A61F471FB8FB4E00D73065 /* PBXTargetDependency */ = {
			isa = PBXTargetDependency;
			target = 81A61F251FB8FB4E00D73065 /* BillManager */;
			targetProxy = 81A61F461FB8FB4E00D73065 /* PBXContainerItemProxy */;
		};
/* End PBXTargetDependency section */

/* Begin PBXVariantGroup section */
		81A61F2D1FB8FB4E00D73065 /* Main.storyboard */ = {
			isa = PBXVariantGroup;
			children = (
				81A61F2E1FB8FB4E00D73065 /* Base */,
			);
			name = Main.storyboard;
			sourceTree = "<group>";
		};
		81A61F321FB8FB4E00D73065 /* LaunchScreen.storyboard */ = {
			isa = PBXVariantGroup;
			children = (
				81A61F331FB8FB4E00D73065 /* Base */,
			);
			name = LaunchScreen.storyboard;
			sourceTree = "<group>";
		};
/* End PBXVariantGroup section */

/* Begin XCBuildConfiguration section */
		81A61F4C1FB8FB4E00D73065 /* Debug */ = {
			isa = XCBuildConfiguration;
			buildSettings = {
				ALWAYS_SEARCH_USER_PATHS = NO;
				CLANG_ANALYZER_NONNULL = YES;
				CLANG_ANALYZER_NUMBER_OBJECT_CONVERSION = YES_AGGRESSIVE;
				CLANG_CXX_LANGUAGE_STANDARD = "gnu++14";
				CLANG_CXX_LIBRARY = "libc++";
				CLANG_ENABLE_MODULES = YES;
				CLANG_ENABLE_OBJC_ARC = YES;
				CLANG_WARN_BLOCK_CAPTURE_AUTORELEASING = YES;
				CLANG_WARN_BOOL_CONVERSION = YES;
				CLANG_WARN_COMMA = YES;
				CLANG_WARN_CONSTANT_CONVERSION = YES;
				CLANG_WARN_DIRECT_OBJC_ISA_USAGE = YES_ERROR;
				CLANG_WARN_DOCUMENTATION_COMMENTS = YES;
				CLANG_WARN_EMPTY_BODY = YES;
				CLANG_WARN_ENUM_CONVERSION = YES;
				CLANG_WARN_INFINITE_RECURSION = YES;
				CLANG_WARN_INT_CONVERSION = YES;
				CLANG_WARN_NON_LITERAL_NULL_CONVERSION = YES;
				CLANG_WARN_OBJC_LITERAL_CONVERSION = YES;
				CLANG_WARN_OBJC_ROOT_CLASS = YES_ERROR;
				CLANG_WARN_RANGE_LOOP_ANALYSIS = YES;
				CLANG_WARN_STRICT_PROTOTYPES = YES;
				CLANG_WARN_SUSPICIOUS_MOVE = YES;
				CLANG_WARN_UNGUARDED_AVAILABILITY = YES_AGGRESSIVE;
				CLANG_WARN_UNREACHABLE_CODE = YES;
				CLANG_WARN__DUPLICATE_METHOD_MATCH = YES;
				CODE_SIGN_IDENTITY = "iPhone Developer";
				COPY_PHASE_STRIP = NO;
				DEBUG_INFORMATION_FORMAT = dwarf;
				ENABLE_STRICT_OBJC_MSGSEND = YES;
				ENABLE_TESTABILITY = YES;
				GCC_C_LANGUAGE_STANDARD = gnu11;
				GCC_DYNAMIC_NO_PIC = NO;
				GCC_NO_COMMON_BLOCKS = YES;
				GCC_OPTIMIZATION_LEVEL = 0;
				GCC_PREPROCESSOR_DEFINITIONS = (
					"DEBUG=1",
					"$(inherited)",
				);
				GCC_WARN_64_TO_32_BIT_CONVERSION = YES;
				GCC_WARN_ABOUT_RETURN_TYPE = YES_ERROR;
				GCC_WARN_UNDECLARED_SELECTOR = YES;
				GCC_WARN_UNINITIALIZED_AUTOS = YES_AGGRESSIVE;
				GCC_WARN_UNUSED_FUNCTION = YES;
				GCC_WARN_UNUSED_VARIABLE = YES;
				IPHONEOS_DEPLOYMENT_TARGET = 11.1;
				MTL_ENABLE_DEBUG_INFO = YES;
				ONLY_ACTIVE_ARCH = YES;
				SDKROOT = iphoneos;
				SWIFT_ACTIVE_COMPILATION_CONDITIONS = DEBUG;
				SWIFT_OPTIMIZATION_LEVEL = "-Onone";
			};
			name = Debug;
		};
		81A61F4D1FB8FB4E00D73065 /* Release */ = {
			isa = XCBuildConfiguration;
			buildSettings = {
				ALWAYS_SEARCH_USER_PATHS = NO;
				CLANG_ANALYZER_NONNULL = YES;
				CLANG_ANALYZER_NUMBER_OBJECT_CONVERSION = YES_AGGRESSIVE;
				CLANG_CXX_LANGUAGE_STANDARD = "gnu++14";
				CLANG_CXX_LIBRARY = "libc++";
				CLANG_ENABLE_MODULES = YES;
				CLANG_ENABLE_OBJC_ARC = YES;
				CLANG_WARN_BLOCK_CAPTURE_AUTORELEASING = YES;
				CLANG_WARN_BOOL_CONVERSION = YES;
				CLANG_WARN_COMMA = YES;
				CLANG_WARN_CONSTANT_CONVERSION = YES;
				CLANG_WARN_DIRECT_OBJC_ISA_USAGE = YES_ERROR;
				CLANG_WARN_DOCUMENTATION_COMMENTS = YES;
				CLANG_WARN_EMPTY_BODY = YES;
				CLANG_WARN_ENUM_CONVERSION = YES;
				CLANG_WARN_INFINITE_RECURSION = YES;
				CLANG_WARN_INT_CONVERSION = YES;
				CLANG_WARN_NON_LITERAL_NULL_CONVERSION = YES;
				CLANG_WARN_OBJC_LITERAL_CONVERSION = YES;
				CLANG_WARN_OBJC_ROOT_CLASS = YES_ERROR;
				CLANG_WARN_RANGE_LOOP_ANALYSIS = YES;
				CLANG_WARN_STRICT_PROTOTYPES = YES;
				CLANG_WARN_SUSPICIOUS_MOVE = YES;
				CLANG_WARN_UNGUARDED_AVAILABILITY = YES_AGGRESSIVE;
				CLANG_WARN_UNREACHABLE_CODE = YES;
				CLANG_WARN__DUPLICATE_METHOD_MATCH = YES;
				CODE_SIGN_IDENTITY = "iPhone Developer";
				COPY_PHASE_STRIP = NO;
				DEBUG_INFORMATION_FORMAT = "dwarf-with-dsym";
				ENABLE_NS_ASSERTIONS = NO;
				ENABLE_STRICT_OBJC_MSGSEND = YES;
				GCC_C_LANGUAGE_STANDARD = gnu11;
				GCC_NO_COMMON_BLOCKS = YES;
				GCC_WARN_64_TO_32_BIT_CONVERSION = YES;
				GCC_WARN_ABOUT_RETURN_TYPE = YES_ERROR;
				GCC_WARN_UNDECLARED_SELECTOR = YES;
				GCC_WARN_UNINITIALIZED_AUTOS = YES_AGGRESSIVE;
				GCC_WARN_UNUSED_FUNCTION = YES;
				GCC_WARN_UNUSED_VARIABLE = YES;
				IPHONEOS_DEPLOYMENT_TARGET = 11.1;
				MTL_ENABLE_DEBUG_INFO = NO;
				SDKROOT = iphoneos;
				SWIFT_OPTIMIZATION_LEVEL = "-Owholemodule";
				VALIDATE_PRODUCT = YES;
			};
			name = Release;
		};
		81A61F4F1FB8FB4E00D73065 /* Debug */ = {
			isa = XCBuildConfiguration;
			buildSettings = {
				ASSETCATALOG_COMPILER_APPICON_NAME = AppIcon;
				CODE_SIGN_STYLE = Automatic;
				DEVELOPMENT_TEAM = GA2GEBCJV2;
				INFOPLIST_FILE = BillManager/Info.plist;
				LD_RUNPATH_SEARCH_PATHS = "$(inherited) @executable_path/Frameworks";
				PRODUCT_BUNDLE_IDENTIFIER = com.AndrewandTonyCompany.BillManager;
				PRODUCT_NAME = "$(TARGET_NAME)";
				SWIFT_VERSION = 4.0;
				TARGETED_DEVICE_FAMILY = "1,2";
			};
			name = Debug;
		};
		81A61F501FB8FB4E00D73065 /* Release */ = {
			isa = XCBuildConfiguration;
			buildSettings = {
				ASSETCATALOG_COMPILER_APPICON_NAME = AppIcon;
				CODE_SIGN_STYLE = Automatic;
				DEVELOPMENT_TEAM = GA2GEBCJV2;
				INFOPLIST_FILE = BillManager/Info.plist;
				LD_RUNPATH_SEARCH_PATHS = "$(inherited) @executable_path/Frameworks";
				PRODUCT_BUNDLE_IDENTIFIER = com.AndrewandTonyCompany.BillManager;
				PRODUCT_NAME = "$(TARGET_NAME)";
				SWIFT_VERSION = 4.0;
				TARGETED_DEVICE_FAMILY = "1,2";
			};
			name = Release;
		};
		81A61F521FB8FB4E00D73065 /* Debug */ = {
			isa = XCBuildConfiguration;
			buildSettings = {
				ALWAYS_EMBED_SWIFT_STANDARD_LIBRARIES = YES;
				BUNDLE_LOADER = "$(TEST_HOST)";
				CODE_SIGN_STYLE = Automatic;
				DEVELOPMENT_TEAM = GA2GEBCJV2;
				INFOPLIST_FILE = BillManagerTests/Info.plist;
				LD_RUNPATH_SEARCH_PATHS = "$(inherited) @executable_path/Frameworks @loader_path/Frameworks";
				PRODUCT_BUNDLE_IDENTIFIER = com.AndrewandTonyCompany.BillManagerTests;
				PRODUCT_NAME = "$(TARGET_NAME)";
				SWIFT_VERSION = 4.0;
				TARGETED_DEVICE_FAMILY = "1,2";
				TEST_HOST = "$(BUILT_PRODUCTS_DIR)/BillManager.app/BillManager";
			};
			name = Debug;
		};
		81A61F531FB8FB4E00D73065 /* Release */ = {
			isa = XCBuildConfiguration;
			buildSettings = {
				ALWAYS_EMBED_SWIFT_STANDARD_LIBRARIES = YES;
				BUNDLE_LOADER = "$(TEST_HOST)";
				CODE_SIGN_STYLE = Automatic;
				DEVELOPMENT_TEAM = GA2GEBCJV2;
				INFOPLIST_FILE = BillManagerTests/Info.plist;
				LD_RUNPATH_SEARCH_PATHS = "$(inherited) @executable_path/Frameworks @loader_path/Frameworks";
				PRODUCT_BUNDLE_IDENTIFIER = com.AndrewandTonyCompany.BillManagerTests;
				PRODUCT_NAME = "$(TARGET_NAME)";
				SWIFT_VERSION = 4.0;
				TARGETED_DEVICE_FAMILY = "1,2";
				TEST_HOST = "$(BUILT_PRODUCTS_DIR)/BillManager.app/BillManager";
			};
			name = Release;
		};
		81A61F551FB8FB4E00D73065 /* Debug */ = {
			isa = XCBuildConfiguration;
			buildSettings = {
				ALWAYS_EMBED_SWIFT_STANDARD_LIBRARIES = YES;
				CODE_SIGN_STYLE = Automatic;
				DEVELOPMENT_TEAM = GA2GEBCJV2;
				INFOPLIST_FILE = BillManagerUITests/Info.plist;
				LD_RUNPATH_SEARCH_PATHS = "$(inherited) @executable_path/Frameworks @loader_path/Frameworks";
				PRODUCT_BUNDLE_IDENTIFIER = com.AndrewandTonyCompany.BillManagerUITests;
				PRODUCT_NAME = "$(TARGET_NAME)";
				SWIFT_VERSION = 4.0;
				TARGETED_DEVICE_FAMILY = "1,2";
				TEST_TARGET_NAME = BillManager;
			};
			name = Debug;
		};
		81A61F561FB8FB4E00D73065 /* Release */ = {
			isa = XCBuildConfiguration;
			buildSettings = {
				ALWAYS_EMBED_SWIFT_STANDARD_LIBRARIES = YES;
				CODE_SIGN_STYLE = Automatic;
				DEVELOPMENT_TEAM = GA2GEBCJV2;
				INFOPLIST_FILE = BillManagerUITests/Info.plist;
				LD_RUNPATH_SEARCH_PATHS = "$(inherited) @executable_path/Frameworks @loader_path/Frameworks";
				PRODUCT_BUNDLE_IDENTIFIER = com.AndrewandTonyCompany.BillManagerUITests;
				PRODUCT_NAME = "$(TARGET_NAME)";
				SWIFT_VERSION = 4.0;
				TARGETED_DEVICE_FAMILY = "1,2";
				TEST_TARGET_NAME = BillManager;
			};
			name = Release;
		};
/* End XCBuildConfiguration section */

/* Begin XCConfigurationList section */
		81A61F211FB8FB4E00D73065 /* Build configuration list for PBXProject "BillManager" */ = {
			isa = XCConfigurationList;
			buildConfigurations = (
				81A61F4C1FB8FB4E00D73065 /* Debug */,
				81A61F4D1FB8FB4E00D73065 /* Release */,
			);
			defaultConfigurationIsVisible = 0;
			defaultConfigurationName = Release;
		};
		81A61F4E1FB8FB4E00D73065 /* Build configuration list for PBXNativeTarget "BillManager" */ = {
			isa = XCConfigurationList;
			buildConfigurations = (
				81A61F4F1FB8FB4E00D73065 /* Debug */,
				81A61F501FB8FB4E00D73065 /* Release */,
			);
			defaultConfigurationIsVisible = 0;
			defaultConfigurationName = Release;
		};
		81A61F511FB8FB4E00D73065 /* Build configuration list for PBXNativeTarget "BillManagerTests" */ = {
			isa = XCConfigurationList;
			buildConfigurations = (
				81A61F521FB8FB4E00D73065 /* Debug */,
				81A61F531FB8FB4E00D73065 /* Release */,
			);
			defaultConfigurationIsVisible = 0;
			defaultConfigurationName = Release;
		};
		81A61F541FB8FB4E00D73065 /* Build configuration list for PBXNativeTarget "BillManagerUITests" */ = {
			isa = XCConfigurationList;
			buildConfigurations = (
				81A61F551FB8FB4E00D73065 /* Debug */,
				81A61F561FB8FB4E00D73065 /* Release */,
			);
			defaultConfigurationIsVisible = 0;
			defaultConfigurationName = Release;
		};
/* End XCConfigurationList section */
	};
	rootObject = 81A61F1E1FB8FB4E00D73065 /* Project object */;
}
